{
  "originHash" : "dfa32af3a8dbc3fd51f019332fd3e10c76f48cc9f4d6b014a412ae870993277d",
  "pins" : [
    {
      "identity" : "sentry-cocoa",
      "kind" : "remoteSourceControl",
      "location" : "https://github.com/getsentry/sentry-cocoa.git",
      "state" : {
        "revision" : "afa7510e05b99f35c1febe47566bfd868fa53fb9",
        "version" : "9.23.0"
      }
    }
  ],
  "version" : 3
}
